{
  "originHash" : "9b25d6bc0bfe55c1af4135803b7bc1dc25d86fe67292223f06deba60f8c14ff1",
  "pins" : [
    {
      "identity" : "cameraview",
      "kind" : "remoteSourceControl",
      "location" : "https://github.com/Mijick/CameraView",
      "state" : {
        "branch" : "main",
        "revision" : "5e086829cb1d4f8197c05f79738b8729e76ff3bc"
      }
    },
    {
      "identity" : "timer",
      "kind" : "remoteSourceControl",
      "location" : "https://github.com/Mijick/Timer",
      "state" : {
        "branch" : "main",
        "revision" : "4be5f0d341cfef6575bb4ca16e82cd98fdcf2f4d"
      }
    }
  ],
  "version" : 3
}
